// !$*UTF8*$!
{
	archiveVersion = 1;
	classes = {
	};
	objectVersion = 46;
	objects = {

/* Begin PBXBuildFile section */
		E429075F1F78A9E100A863E7 /* DMProgressView.m in Sources */ = {isa = PBXBuildFile; fileRef = E429075E1F78A9E100A863E7 /* DMProgressView.m */; };
		E4F7E62A1F592D910025BF84 /* main.m in Sources */ = {isa = PBXBuildFile; fileRef = E4F7E6291F592D910025BF84 /* main.m */; };
		E4F7E62D1F592D910025BF84 /* AppDelegate.m in Sources */ = {isa = PBXBuildFile; fileRef = E4F7E62C1F592D910025BF84 /* AppDelegate.m */; };
		E4F7E6301F592D910025BF84 /* ViewController.m in Sources */ = {isa = PBXBuildFile; fileRef = E4F7E62F1F592D910025BF84 /* ViewController.m */; };
		E4F7E6331F592D910025BF84 /* Main.storyboard in Resources */ = {isa = PBXBuildFile; fileRef = E4F7E6311F592D910025BF84 /* Main.storyboard */; };
		E4F7E6351F592D910025BF84 /* Assets.xcassets in Resources */ = {isa = PBXBuildFile; fileRef = E4F7E6341F592D910025BF84 /* Assets.xcassets */; };
		E4F7E6381F592D910025BF84 /* LaunchScreen.storyboard in Resources */ = {isa = PBXBuildFile; fileRef = E4F7E6361F592D910025BF84 /* LaunchScreen.storyboard */; };
		E4F7E6431F592D910025BF84 /* DMProgressViewDemoTests.m in Sources */ = {isa = PBXBuildFile; fileRef = E4F7E6421F592D910025BF84 /* DMProgressViewDemoTests.m */; };
		E4F7E64E1F592D910025BF84 /* DMProgressViewDemoUITests.m in Sources */ = {isa = PBXBuildFile; fileRef = E4F7E64D1F592D910025BF84 /* DMProgressViewDemoUITests.m */; };
/* End PBXBuildFile section */

/* Begin PBXContainerItemProxy section */
		E4F7E63F1F592D910025BF84 /* PBXContainerItemProxy */ = {
			isa = PBXContainerItemProxy;
			containerPortal = E4F7E61D1F592D910025BF84 /* Project object */;
			proxyType = 1;
			remoteGlobalIDString = E4F7E6241F592D910025BF84;
			remoteInfo = DMProgressViewDemo;
		};
		E4F7E64A1F592D910025BF84 /* PBXContainerItemProxy */ = {
			isa = PBXContainerItemProxy;
			containerPortal = E4F7E61D1F592D910025BF84 /* Project object */;
			proxyType = 1;
			remoteGlobalIDString = E4F7E6241F592D910025BF84;
			remoteInfo = DMProgressViewDemo;
		};
/* End PBXContainerItemProxy section */

/* Begin PBXFileReference section */
		E429075D1F78A9E100A863E7 /* DMProgressView.h */ = {isa = PBXFileReference; fileEncoding = 4; lastKnownFileType = sourcecode.c.h; path = DMProgressView.h; sourceTree = "<group>"; };
		E429075E1F78A9E100A863E7 /* DMProgressView.m */ = {isa = PBXFileReference; fileEncoding = 4; lastKnownFileType = sourcecode.c.objc; path = DMProgressView.m; sourceTree = "<group>"; };
		E4F7E6251F592D910025BF84 /* DMProgressViewDemo.app */ = {isa = PBXFileReference; explicitFileType = wrapper.application; includeInIndex = 0; path = DMProgressViewDemo.app; sourceTree = BUILT_PRODUCTS_DIR; };
		E4F7E6291F592D910025BF84 /* main.m */ = {isa = PBXFileReference; lastKnownFileType = sourcecode.c.objc; path = main.m; sourceTree = "<group>"; };
		E4F7E62B1F592D910025BF84 /* AppDelegate.h */ = {isa = PBXFileReference; lastKnownFileType = sourcecode.c.h; path = AppDelegate.h; sourceTree = "<group>"; };
		E4F7E62C1F592D910025BF84 /* AppDelegate.m */ = {isa = PBXFileReference; lastKnownFileType = sourcecode.c.objc; path = AppDelegate.m; sourceTree = "<group>"; };
		E4F7E62E1F592D910025BF84 /* ViewController.h */ = {isa = PBXFileReference; lastKnownFileType = sourcecode.c.h; path = ViewController.h; sourceTree = "<group>"; };
		E4F7E62F1F592D910025BF84 /* ViewController.m */ = {isa = PBXFileReference; lastKnownFileType = sourcecode.c.objc; path = ViewController.m; sourceTree = "<group>"; };
		E4F7E6321F592D910025BF84 /* Base */ = {isa = PBXFileReference; lastKnownFileType = file.storyboard; name = Base; path = Base.lproj/Main.storyboard; sourceTree = "<group>"; };
		E4F7E6341F592D910025BF84 /* Assets.xcassets */ = {isa = PBXFileReference; lastKnownFileType = folder.assetcatalog; path = Assets.xcassets; sourceTree = "<group>"; };
		E4F7E6371F592D910025BF84 /* Base */ = {isa = PBXFileReference; lastKnownFileType = file.storyboard; name = Base; path = Base.lproj/LaunchScreen.storyboard; sourceTree = "<group>"; };
		E4F7E6391F592D910025BF84 /* Info.plist */ = {isa = PBXFileReference; lastKnownFileType = text.plist.xml; path = Info.plist; sourceTree = "<group>"; };
		E4F7E63E1F592D910025BF84 /* DMProgressViewDemoTests.xctest */ = {isa = PBXFileReference; explicitFileType = wrapper.cfbundle; includeInIndex = 0; path = DMProgressViewDemoTests.xctest; sourceTree = BUILT_PRODUCTS_DIR; };
		E4F7E6421F592D910025BF84 /* DMProgressViewDemoTests.m */ = {isa = PBXFileReference; lastKnownFileType = sourcecode.c.objc; path = DMProgressViewDemoTests.m; sourceTree = "<group>"; };
		E4F7E6441F592D910025BF84 /* Info.plist */ = {isa = PBXFileReference; lastKnownFileType = text.plist.xml; path = Info.plist; sourceTree = "<group>"; };
		E4F7E6491F592D910025BF84 /* DMProgressViewDemoUITests.xctest */ = {isa = PBXFileReference; explicitFileType = wrapper.cfbundle; includeInIndex = 0; path = DMProgressViewDemoUITests.xctest; sourceTree = BUILT_PRODUCTS_DIR; };
		E4F7E64D1F592D910025BF84 /* DMProgressViewDemoUITests.m */ = {isa = PBXFileReference; lastKnownFileType = sourcecode.c.objc; path = DMProgressViewDemoUITests.m; sourceTree = "<group>"; };
		E4F7E64F1F592D910025BF84 /* Info.plist */ = {isa = PBXFileReference; lastKnownFileType = text.plist.xml; path = Info.plist; sourceTree = "<group>"; };
/* End PBXFileReference section */

/* Begin PBXFrameworksBuildPhase section */
		E4F7E6221F592D910025BF84 /* Frameworks */ = {
			isa = PBXFrameworksBuildPhase;
			buildActionMask = 2147483647;
			files = (
			);
			runOnlyForDeploymentPostprocessing = 0;
		};
		E4F7E63B1F592D910025BF84 /* Frameworks */ = {
			isa = PBXFrameworksBuildPhase;
			buildActionMask = 2147483647;
			files = (
			);
			runOnlyForDeploymentPostprocessing = 0;
		};
		E4F7E6461F592D910025BF84 /* Frameworks */ = {
			isa = PBXFrameworksBuildPhase;
			buildActionMask = 2147483647;
			files = (
			);
			runOnlyForDeploymentPostprocessing = 0;
		};
/* End PBXFrameworksBuildPhase section */

/* Begin PBXGroup section */
		E4F7E61C1F592D910025BF84 = {
			isa = PBXGroup;
			children = (
				E4F7E6271F592D910025BF84 /* DMProgressViewDemo */,
				E4F7E6411F592D910025BF84 /* DMProgressViewDemoTests */,
				E4F7E64C1F592D910025BF84 /* DMProgressViewDemoUITests */,
				E4F7E6261F592D910025BF84 /* Products */,
			);
			sourceTree = "<group>";
		};
		E4F7E6261F592D910025BF84 /* Products */ = {
			isa = PBXGroup;
			children = (
				E4F7E6251F592D910025BF84 /* DMProgressViewDemo.app */,
				E4F7E63E1F592D910025BF84 /* DMProgressViewDemoTests.xctest */,
				E4F7E6491F592D910025BF84 /* DMProgressViewDemoUITests.xctest */,
			);
			name = Products;
			sourceTree = "<group>";
		};
		E4F7E6271F592D910025BF84 /* DMProgressViewDemo */ = {
			isa = PBXGroup;
			children = (
				E4F7E65C1F592DE30025BF84 /* DMProgressView */,
				E4F7E62B1F592D910025BF84 /* AppDelegate.h */,
				E4F7E62C1F592D910025BF84 /* AppDelegate.m */,
				E4F7E62E1F592D910025BF84 /* ViewController.h */,
				E4F7E62F1F592D910025BF84 /* ViewController.m */,
				E4F7E6311F592D910025BF84 /* Main.storyboard */,
				E4F7E6341F592D910025BF84 /* Assets.xcassets */,
				E4F7E6361F592D910025BF84 /* LaunchScreen.storyboard */,
				E4F7E6391F592D910025BF84 /* Info.plist */,
				E4F7E6281F592D910025BF84 /* Supporting Files */,
			);
			path = DMProgressViewDemo;
			sourceTree = "<group>";
		};
		E4F7E6281F592D910025BF84 /* Supporting Files */ = {
			isa = PBXGroup;
			children = (
				E4F7E6291F592D910025BF84 /* main.m */,
			);
			name = "Supporting Files";
			sourceTree = "<group>";
		};
		E4F7E6411F592D910025BF84 /* DMProgressViewDemoTests */ = {
			isa = PBXGroup;
			children = (
				E4F7E6421F592D910025BF84 /* DMProgressViewDemoTests.m */,
				E4F7E6441F592D910025BF84 /* Info.plist */,
			);
			path = DMProgressViewDemoTests;
			sourceTree = "<group>";
		};
		E4F7E64C1F592D910025BF84 /* DMProgressViewDemoUITests */ = {
			isa = PBXGroup;
			children = (
				E4F7E64D1F592D910025BF84 /* DMProgressViewDemoUITests.m */,
				E4F7E64F1F592D910025BF84 /* Info.plist */,
			);
			path = DMProgressViewDemoUITests;
			sourceTree = "<group>";
		};
		E4F7E65C1F592DE30025BF84 /* DMProgressView */ = {
			isa = PBXGroup;
			children = (
				E429075D1F78A9E100A863E7 /* DMProgressView.h */,
				E429075E1F78A9E100A863E7 /* DMProgressView.m */,
			);
			path = DMProgressView;
			sourceTree = "<group>";
		};
/* End PBXGroup section */

/* Begin PBXNativeTarget section */
		E4F7E6241F592D910025BF84 /* DMProgressViewDemo */ = {
			isa = PBXNativeTarget;
			buildConfigurationList = E4F7E6521F592D910025BF84 /* Build configuration list for PBXNativeTarget "DMProgressViewDemo" */;
			buildPhases = (
				E4F7E6211F592D910025BF84 /* Sources */,
				E4F7E6221F592D910025BF84 /* Frameworks */,
				E4F7E6231F592D910025BF84 /* Resources */,
			);
			buildRules = (
			);
			dependencies = (
			);
			name = DMProgressViewDemo;
			productName = DMProgressViewDemo;
			productReference = E4F7E6251F592D910025BF84 /* DMProgressViewDemo.app */;
			productType = "com.apple.product-type.application";
		};
		E4F7E63D1F592D910025BF84 /* DMProgressViewDemoTests */ = {
			isa = PBXNativeTarget;
			buildConfigurationList = E4F7E6551F592D910025BF84 /* Build configuration list for PBXNativeTarget "DMProgressViewDemoTests" */;
			buildPhases = (
				E4F7E63A1F592D910025BF84 /* Sources */,
				E4F7E63B1F592D910025BF84 /* Frameworks */,
				E4F7E63C1F592D910025BF84 /* Resources */,
			);
			buildRules = (
			);
			dependencies = (
				E4F7E6401F592D910025BF84 /* PBXTargetDependency */,
			);
			name = DMProgressViewDemoTests;
			productName = DMProgressViewDemoTests;
			productReference = E4F7E63E1F592D910025BF84 /* DMProgressViewDemoTests.xctest */;
			productType = "com.apple.product-type.bundle.unit-test";
		};
		E4F7E6481F592D910025BF84 /* DMProgressViewDemoUITests */ = {
			isa = PBXNativeTarget;
			buildConfigurationList = E4F7E6581F592D910025BF84 /* Build configuration list for PBXNativeTarget "DMProgressViewDemoUITests" */;
			buildPhases = (
				E4F7E6451F592D910025BF84 /* Sources */,
				E4F7E6461F592D910025BF84 /* Frameworks */,
				E4F7E6471F592D910025BF84 /* Resources */,
			);
			buildRules = (
			);
			dependencies = (
				E4F7E64B1F592D910025BF84 /* PBXTargetDependency */,
			);
			name = DMProgressViewDemoUITests;
			productName = DMProgressViewDemoUITests;
			productReference = E4F7E6491F592D910025BF84 /* DMProgressViewDemoUITests.xctest */;
			productType = "com.apple.product-type.bundle.ui-testing";
		};
/* End PBXNativeTarget section */

/* Begin PBXProject section */
		E4F7E61D1F592D910025BF84 /* Project object */ = {
			isa = PBXProject;
			attributes = {
				LastUpgradeCheck = 0830;
				ORGANIZATIONNAME = damon;
				TargetAttributes = {
					E4F7E6241F592D910025BF84 = {
						CreatedOnToolsVersion = 8.3.3;
						DevelopmentTeam = HKJNNXDN5T;
						ProvisioningStyle = Automatic;
					};
					E4F7E63D1F592D910025BF84 = {
						CreatedOnToolsVersion = 8.3.3;
						ProvisioningStyle = Automatic;
						TestTargetID = E4F7E6241F592D910025BF84;
					};
					E4F7E6481F592D910025BF84 = {
						CreatedOnToolsVersion = 8.3.3;
						ProvisioningStyle = Automatic;
						TestTargetID = E4F7E6241F592D910025BF84;
					};
				};
			};
			buildConfigurationList = E4F7E6201F592D910025BF84 /* Build configuration list for PBXProject "DMProgressViewDemo" */;
			compatibilityVersion = "Xcode 3.2";
			developmentRegion = English;
			hasScannedForEncodings = 0;
			knownRegions = (
				en,
				Base,
			);
			mainGroup = E4F7E61C1F592D910025BF84;
			productRefGroup = E4F7E6261F592D910025BF84 /* Products */;
			projectDirPath = "";
			projectRoot = "";
			targets = (
				E4F7E6241F592D910025BF84 /* DMProgressViewDemo */,
				E4F7E63D1F592D910025BF84 /* DMProgressViewDemoTests */,
				E4F7E6481F592D910025BF84 /* DMProgressViewDemoUITests */,
			);
		};
/* End PBXProject section */

/* Begin PBXResourcesBuildPhase section */
		E4F7E6231F592D910025BF84 /* Resources */ = {
			isa = PBXResourcesBuildPhase;
			buildActionMask = 2147483647;
			files = (
				E4F7E6381F592D910025BF84 /* LaunchScreen.storyboard in Resources */,
				E4F7E6351F592D910025BF84 /* Assets.xcassets in Resources */,
				E4F7E6331F592D910025BF84 /* Main.storyboard in Resources */,
			);
			runOnlyForDeploymentPostprocessing = 0;
		};
		E4F7E63C1F592D910025BF84 /* Resources */ = {
			isa = PBXResourcesBuildPhase;
			buildActionMask = 2147483647;
			files = (
			);
			runOnlyForDeploymentPostprocessing = 0;
		};
		E4F7E6471F592D910025BF84 /* Resources */ = {
			isa = PBXResourcesBuildPhase;
			buildActionMask = 2147483647;
			files = (
			);
			runOnlyForDeploymentPostprocessing = 0;
		};
/* End PBXResourcesBuildPhase section */

/* Begin PBXSourcesBuildPhase section */
		E4F7E6211F592D910025BF84 /* Sources */ = {
			isa = PBXSourcesBuildPhase;
			buildActionMask = 2147483647;
			files = (
				E429075F1F78A9E100A863E7 /* DMProgressView.m in Sources */,
				E4F7E6301F592D910025BF84 /* ViewController.m in Sources */,
				E4F7E62D1F592D910025BF84 /* AppDelegate.m in Sources */,
				E4F7E62A1F592D910025BF84 /* main.m in Sources */,
			);
			runOnlyForDeploymentPostprocessing = 0;
		};
		E4F7E63A1F592D910025BF84 /* Sources */ = {
			isa = PBXSourcesBuildPhase;
			buildActionMask = 2147483647;
			files = (
				E4F7E6431F592D910025BF84 /* DMProgressViewDemoTests.m in Sources */,
			);
			runOnlyForDeploymentPostprocessing = 0;
		};
		E4F7E6451F592D910025BF84 /* Sources */ = {
			isa = PBXSourcesBuildPhase;
			buildActionMask = 2147483647;
			files = (
				E4F7E64E1F592D910025BF84 /* DMProgressViewDemoUITests.m in Sources */,
			);
			runOnlyForDeploymentPostprocessing = 0;
		};
/* End PBXSourcesBuildPhase section */

/* Begin PBXTargetDependency section */
		E4F7E6401F592D910025BF84 /* PBXTargetDependency */ = {
			isa = PBXTargetDependency;
			target = E4F7E6241F592D910025BF84 /* DMProgressViewDemo */;
			targetProxy = E4F7E63F1F592D910025BF84 /* PBXContainerItemProxy */;
		};
		E4F7E64B1F592D910025BF84 /* PBXTargetDependency */ = {
			isa = PBXTargetDependency;
			target = E4F7E6241F592D910025BF84 /* DMProgressViewDemo */;
			targetProxy = E4F7E64A1F592D910025BF84 /* PBXContainerItemProxy */;
		};
/* End PBXTargetDependency section */

/* Begin PBXVariantGroup section */
		E4F7E6311F592D910025BF84 /* Main.storyboard */ = {
			isa = PBXVariantGroup;
			children = (
				E4F7E6321F592D910025BF84 /* Base */,
			);
			name = Main.storyboard;
			sourceTree = "<group>";
		};
		E4F7E6361F592D910025BF84 /* LaunchScreen.storyboard */ = {
			isa = PBXVariantGroup;
			children = (
				E4F7E6371F592D910025BF84 /* Base */,
			);
			name = LaunchScreen.storyboard;
			sourceTree = "<group>";
		};
/* End PBXVariantGroup section */

/* Begin XCBuildConfiguration section */
		E4F7E6501F592D910025BF84 /* Debug */ = {
			isa = XCBuildConfiguration;
			buildSettings = {
				ALWAYS_SEARCH_USER_PATHS = NO;
				CLANG_ANALYZER_NONNULL = YES;
				CLANG_ANALYZER_NUMBER_OBJECT_CONVERSION = YES_AGGRESSIVE;
				CLANG_CXX_LANGUAGE_STANDARD = "gnu++0x";
				CLANG_CXX_LIBRARY = "libc++";
				CLANG_ENABLE_MODULES = YES;
				CLANG_ENABLE_OBJC_ARC = YES;
				CLANG_WARN_BOOL_CONVERSION = YES;
				CLANG_WARN_CONSTANT_CONVERSION = YES;
				CLANG_WARN_DIRECT_OBJC_ISA_USAGE = YES_ERROR;
				CLANG_WARN_DOCUMENTATION_COMMENTS = YES;
				CLANG_WARN_EMPTY_BODY = YES;
				CLANG_WARN_ENUM_CONVERSION = YES;
				CLANG_WARN_INFINITE_RECURSION = YES;
				CLANG_WARN_INT_CONVERSION = YES;
				CLANG_WARN_OBJC_ROOT_CLASS = YES_ERROR;
				CLANG_WARN_SUSPICIOUS_MOVE = YES;
				CLANG_WARN_UNREACHABLE_CODE = YES;
				CLANG_WARN__DUPLICATE_METHOD_MATCH = YES;
				"CODE_SIGN_IDENTITY[sdk=iphoneos*]" = "iPhone Developer";
				COPY_PHASE_STRIP = NO;
				DEBUG_INFORMATION_FORMAT = dwarf;
				ENABLE_STRICT_OBJC_MSGSEND = YES;
				ENABLE_TESTABILITY = YES;
				GCC_C_LANGUAGE_STANDARD = gnu99;
				GCC_DYNAMIC_NO_PIC = NO;
				GCC_NO_COMMON_BLOCKS = YES;
				GCC_OPTIMIZATION_LEVEL = 0;
				GCC_PREPROCESSOR_DEFINITIONS = (
					"DEBUG=1",
					"$(inherited)",
				);
				GCC_WARN_64_TO_32_BIT_CONVERSION = YES;
				GCC_WARN_ABOUT_RETURN_TYPE = YES_ERROR;
				GCC_WARN_UNDECLARED_SELECTOR = YES;
				GCC_WARN_UNINITIALIZED_AUTOS = YES_AGGRESSIVE;
				GCC_WARN_UNUSED_FUNCTION = YES;
				GCC_WARN_UNUSED_VARIABLE = YES;
				IPHONEOS_DEPLOYMENT_TARGET = 10.3;
				MTL_ENABLE_DEBUG_INFO = YES;
				ONLY_ACTIVE_ARCH = YES;
				SDKROOT = iphoneos;
			};
			name = Debug;
		};
		E4F7E6511F592D910025BF84 /* Release */ = {
			isa = XCBuildConfiguration;
			buildSettings = {
				ALWAYS_SEARCH_USER_PATHS = NO;
				CLANG_ANALYZER_NONNULL = YES;
				CLANG_ANALYZER_NUMBER_OBJECT_CONVERSION = YES_AGGRESSIVE;
				CLANG_CXX_LANGUAGE_STANDARD = "gnu++0x";
				CLANG_CXX_LIBRARY = "libc++";
				CLANG_ENABLE_MODULES = YES;
				CLANG_ENABLE_OBJC_ARC = YES;
				CLANG_WARN_BOOL_CONVERSION = YES;
				CLANG_WARN_CONSTANT_CONVERSION = YES;
				CLANG_WARN_DIRECT_OBJC_ISA_USAGE = YES_ERROR;
				CLANG_WARN_DOCUMENTATION_COMMENTS = YES;
				CLANG_WARN_EMPTY_BODY = YES;
				CLANG_WARN_ENUM_CONVERSION = YES;
				CLANG_WARN_INFINITE_RECURSION = YES;
				CLANG_WARN_INT_CONVERSION = YES;
				CLANG_WARN_OBJC_ROOT_CLASS = YES_ERROR;
				CLANG_WARN_SUSPICIOUS_MOVE = YES;
				CLANG_WARN_UNREACHABLE_CODE = YES;
				CLANG_WARN__DUPLICATE_METHOD_MATCH = YES;
				"CODE_SIGN_IDENTITY[sdk=iphoneos*]" = "iPhone Developer";
				COPY_PHASE_STRIP = NO;
				DEBUG_INFORMATION_FORMAT = "dwarf-with-dsym";
				ENABLE_NS_ASSERTIONS = NO;
				ENABLE_STRICT_OBJC_MSGSEND = YES;
				GCC_C_LANGUAGE_STANDARD = gnu99;
				GCC_NO_COMMON_BLOCKS = YES;
				GCC_WARN_64_TO_32_BIT_CONVERSION = YES;
				GCC_WARN_ABOUT_RETURN_TYPE = YES_ERROR;
				GCC_WARN_UNDECLARED_SELECTOR = YES;
				GCC_WARN_UNINITIALIZED_AUTOS = YES_AGGRESSIVE;
				GCC_WARN_UNUSED_FUNCTION = YES;
				GCC_WARN_UNUSED_VARIABLE = YES;
				IPHONEOS_DEPLOYMENT_TARGET = 10.3;
				MTL_ENABLE_DEBUG_INFO = NO;
				SDKROOT = iphoneos;
				VALIDATE_PRODUCT = YES;
			};
			name = Release;
		};
		E4F7E6531F592D910025BF84 /* Debug */ = {
			isa = XCBuildConfiguration;
			buildSettings = {
				ASSETCATALOG_COMPILER_APPICON_NAME = AppIcon;
				DEVELOPMENT_TEAM = HKJNNXDN5T;
				INFOPLIST_FILE = DMProgressViewDemo/Info.plist;
				LD_RUNPATH_SEARCH_PATHS = "$(inherited) @executable_path/Frameworks";
				PRODUCT_BUNDLE_IDENTIFIER = cn.damon.DMProgressViewDemo;
				PRODUCT_NAME = "$(TARGET_NAME)";
			};
			name = Debug;
		};
		E4F7E6541F592D910025BF84 /* Release */ = {
			isa = XCBuildConfiguration;
			buildSettings = {
				ASSETCATALOG_COMPILER_APPICON_NAME = AppIcon;
				DEVELOPMENT_TEAM = HKJNNXDN5T;
				INFOPLIST_FILE = DMProgressViewDemo/Info.plist;
				LD_RUNPATH_SEARCH_PATHS = "$(inherited) @executable_path/Frameworks";
				PRODUCT_BUNDLE_IDENTIFIER = cn.damon.DMProgressViewDemo;
				PRODUCT_NAME = "$(TARGET_NAME)";
			};
			name = Release;
		};
		E4F7E6561F592D910025BF84 /* Debug */ = {
			isa = XCBuildConfiguration;
			buildSettings = {
				BUNDLE_LOADER = "$(TEST_HOST)";
				INFOPLIST_FILE = DMProgressViewDemoTests/Info.plist;
				LD_RUNPATH_SEARCH_PATHS = "$(inherited) @executable_path/Frameworks @loader_path/Frameworks";
				PRODUCT_BUNDLE_IDENTIFIER = cn.damon.DMProgressViewDemoTests;
				PRODUCT_NAME = "$(TARGET_NAME)";
				TEST_HOST = "$(BUILT_PRODUCTS_DIR)/DMProgressViewDemo.app/DMProgressViewDemo";
			};
			name = Debug;
		};
		E4F7E6571F592D910025BF84 /* Release */ = {
			isa = XCBuildConfiguration;
			buildSettings = {
				BUNDLE_LOADER = "$(TEST_HOST)";
				INFOPLIST_FILE = DMProgressViewDemoTests/Info.plist;
				LD_RUNPATH_SEARCH_PATHS = "$(inherited) @executable_path/Frameworks @loader_path/Frameworks";
				PRODUCT_BUNDLE_IDENTIFIER = cn.damon.DMProgressViewDemoTests;
				PRODUCT_NAME = "$(TARGET_NAME)";
				TEST_HOST = "$(BUILT_PRODUCTS_DIR)/DMProgressViewDemo.app/DMProgressViewDemo";
			};
			name = Release;
		};
		E4F7E6591F592D910025BF84 /* Debug */ = {
			isa = XCBuildConfiguration;
			buildSettings = {
				INFOPLIST_FILE = DMProgressViewDemoUITests/Info.plist;
				LD_RUNPATH_SEARCH_PATHS = "$(inherited) @executable_path/Frameworks @loader_path/Frameworks";
				PRODUCT_BUNDLE_IDENTIFIER = cn.damon.DMProgressViewDemoUITests;
				PRODUCT_NAME = "$(TARGET_NAME)";
				TEST_TARGET_NAME = DMProgressViewDemo;
			};
			name = Debug;
		};
		E4F7E65A1F592D910025BF84 /* Release */ = {
			isa = XCBuildConfiguration;
			buildSettings = {
				INFOPLIST_FILE = DMProgressViewDemoUITests/Info.plist;
				LD_RUNPATH_SEARCH_PATHS = "$(inherited) @executable_path/Frameworks @loader_path/Frameworks";
				PRODUCT_BUNDLE_IDENTIFIER = cn.damon.DMProgressViewDemoUITests;
				PRODUCT_NAME = "$(TARGET_NAME)";
				TEST_TARGET_NAME = DMProgressViewDemo;
			};
			name = Release;
		};
/* End XCBuildConfiguration section */

/* Begin XCConfigurationList section */
		E4F7E6201F592D910025BF84 /* Build configuration list for PBXProject "DMProgressViewDemo" */ = {
			isa = XCConfigurationList;
			buildConfigurations = (
				E4F7E6501F592D910025BF84 /* Debug */,
				E4F7E6511F592D910025BF84 /* Release */,
			);
			defaultConfigurationIsVisible = 0;
			defaultConfigurationName = Release;
		};
		E4F7E6521F592D910025BF84 /* Build configuration list for PBXNativeTarget "DMProgressViewDemo" */ = {
			isa = XCConfigurationList;
			buildConfigurations = (
				E4F7E6531F592D910025BF84 /* Debug */,
				E4F7E6541F592D910025BF84 /* Release */,
			);
			defaultConfigurationIsVisible = 0;
			defaultConfigurationName = Release;
		};
		E4F7E6551F592D910025BF84 /* Build configuration list for PBXNativeTarget "DMProgressViewDemoTests" */ = {
			isa = XCConfigurationList;
			buildConfigurations = (
				E4F7E6561F592D910025BF84 /* Debug */,
				E4F7E6571F592D910025BF84 /* Release */,
			);
			defaultConfigurationIsVisible = 0;
			defaultConfigurationName = Release;
		};
		E4F7E6581F592D910025BF84 /* Build configuration list for PBXNativeTarget "DMProgressViewDemoUITests" */ = {
			isa = XCConfigurationList;
			buildConfigurations = (
				E4F7E6591F592D910025BF84 /* Debug */,
				E4F7E65A1F592D910025BF84 /* Release */,
			);
			defaultConfigurationIsVisible = 0;
			defaultConfigurationName = Release;
		};
/* End XCConfigurationList section */
	};
	rootObject = E4F7E61D1F592D910025BF84 /* Project object */;
}
